
Microsoft Visual Studio Solution File, Format Version 12.00
# Visual Studio Version 17
VisualStudioVersion = 17.7.34031.279
MinimumVisualStudioVersion = 10.0.40219.1
Project("{FAE04EC0-301F-11D3-BF4B-00C04F79EFBC}") = "EmployeeOOP", "EmployeeOOP.csproj", "{C2F8A49A-A6CA-40CB-8D70-593FF228F26A}"
EndProject
Global
	GlobalSection(SolutionConfigurationPlatforms) = preSolution
		Debug|Any CPU = Debug|Any CPU
		Release|Any CPU = Release|Any CPU
	EndGlobalSection
	GlobalSection(ProjectConfigurationPlatforms) = postSolution
		{C2F8A49A-A6CA-40CB-8D70-593FF228F26A}.Debug|Any CPU.ActiveCfg = Debug|Any CPU
		{C2F8A49A-A6CA-40CB-8D70-593FF228F26A}.Debug|Any CPU.Build.0 = Debug|Any CPU
		{C2F8A49A-A6CA-40CB-8D70-593FF228F26A}.Release|Any CPU.ActiveCfg = Release|Any CPU
		{C2F8A49A-A6CA-40CB-8D70-593FF228F26A}.Release|Any CPU.Build.0 = Release|Any CPU
	EndGlobalSection
	GlobalSection(SolutionProperties) = preSolution
		HideSolutionNode = FALSE
	EndGlobalSection
	GlobalSection(ExtensibilityGlobals) = postSolution
		SolutionGuid = {FE858F5B-2977-498D-96AA-4111DCA2D18D}
	EndGlobalSection
EndGlobal
